{
  "version": "3",
  "packages": {
    "specifiers": {
      "npm:@lifaon/math@latest": "npm:@lifaon/math@1.3.0-dev.1706615602518"
    },
    "npm": {
      "@lifaon/math@1.3.0-dev.1706615602518": {
        "integrity": "sha512-b4hQm97Sr8SCEkQcs0WZPw/cqUac0zyyHcdWDPjG/HN6Nl1GG2mq5VRTPfioDn+PgYFT41peh2BBV0ujUXIPig==",
        "dependencies": {}
      }
    }
  },
  "remote": {},
  "workspace": {
    "packageJson": {
      "dependencies": [
        "npm:@lifaon/math@latest"
      ]
    }
  }
}
