# THIS IS AN AUTOGENERATED FILE. DO NOT EDIT THIS FILE DIRECTLY.
# yarn lockfile v1


scad-js@^0.5.0:
  version "0.5.0"
  resolved "https://registry.yarnpkg.com/scad-js/-/scad-js-0.5.0.tgz#98d21b2369f3d7c7f0faca2c4938c464cea5f033"
  integrity sha512-ufw7uvV+EoRQdzYfxSgmQ/aXHaiDy+UIpmQ1cAVn+/iW9BmF8ENcP7zjL4aDNWnW1jito5NkPHk3soO1/ewaWA==
